
Microsoft Visual Studio Solution File, Format Version 12.00
# Visual Studio Version 16
VisualStudioVersion = 16.0.30621.155
MinimumVisualStudioVersion = 10.0.40219.1
Project("{FAE04EC0-301F-11D3-BF4B-00C04F79EFBC}") = "MD-Sponsors", "MD-Sponsors\MD-Sponsors.csproj", "{F7E8588A-9ECB-46CA-830F-1787BD2F2AA1}"
EndProject
Global
	GlobalSection(SolutionConfigurationPlatforms) = preSolution
		Debug|Any CPU = Debug|Any CPU
		Release|Any CPU = Release|Any CPU
	EndGlobalSection
	GlobalSection(ProjectConfigurationPlatforms) = postSolution
		{F7E8588A-9ECB-46CA-830F-1787BD2F2AA1}.Debug|Any CPU.ActiveCfg = Debug|Any CPU
		{F7E8588A-9ECB-46CA-830F-1787BD2F2AA1}.Debug|Any CPU.Build.0 = Debug|Any CPU
		{F7E8588A-9ECB-46CA-830F-1787BD2F2AA1}.Release|Any CPU.ActiveCfg = Release|Any CPU
		{F7E8588A-9ECB-46CA-830F-1787BD2F2AA1}.Release|Any CPU.Build.0 = Release|Any CPU
	EndGlobalSection
	GlobalSection(SolutionProperties) = preSolution
		HideSolutionNode = FALSE
	EndGlobalSection
	GlobalSection(ExtensibilityGlobals) = postSolution
		SolutionGuid = {7C89903A-7154-4767-9980-97A41EA925DB}
	EndGlobalSection
EndGlobal
